
Microsoft Visual Studio Solution File, Format Version 12.00
# Visual Studio Version 16
VisualStudioVersion = 16.0.30225.117
MinimumVisualStudioVersion = 10.0.40219.1
Project("{9A19103F-16F7-4668-BE54-9A1E7A4F7556}") = "BrickWall.Application", "BrickWall.Application\BrickWall.Application.csproj", "{6F19589C-6C05-48FF-B9C5-7E89B220B4F9}"
EndProject
Project("{9A19103F-16F7-4668-BE54-9A1E7A4F7556}") = "BrickWall.Library", "BrickWall.Library\BrickWall.Library.csproj", "{EC4EA20C-4616-4FA2-9899-87C53B435605}"
EndProject
Project("{9A19103F-16F7-4668-BE54-9A1E7A4F7556}") = "BrickWall.Test", "BrickWall.Test\BrickWall.Test.csproj", "{359E0DA3-7403-4FEE-8751-CA8D1965F954}"
EndProject
Global
	GlobalSection(SolutionConfigurationPlatforms) = preSolution
		Debug|Any CPU = Debug|Any CPU
		Release|Any CPU = Release|Any CPU
	EndGlobalSection
	GlobalSection(ProjectConfigurationPlatforms) = postSolution
		{6F19589C-6C05-48FF-B9C5-7E89B220B4F9}.Debug|Any CPU.ActiveCfg = Debug|Any CPU
		{6F19589C-6C05-48FF-B9C5-7E89B220B4F9}.Debug|Any CPU.Build.0 = Debug|Any CPU
		{6F19589C-6C05-48FF-B9C5-7E89B220B4F9}.Release|Any CPU.ActiveCfg = Release|Any CPU
		{6F19589C-6C05-48FF-B9C5-7E89B220B4F9}.Release|Any CPU.Build.0 = Release|Any CPU
		{EC4EA20C-4616-4FA2-9899-87C53B435605}.Debug|Any CPU.ActiveCfg = Debug|Any CPU
		{EC4EA20C-4616-4FA2-9899-87C53B435605}.Debug|Any CPU.Build.0 = Debug|Any CPU
		{EC4EA20C-4616-4FA2-9899-87C53B435605}.Release|Any CPU.ActiveCfg = Release|Any CPU
		{EC4EA20C-4616-4FA2-9899-87C53B435605}.Release|Any CPU.Build.0 = Release|Any CPU
		{359E0DA3-7403-4FEE-8751-CA8D1965F954}.Debug|Any CPU.ActiveCfg = Debug|Any CPU
		{359E0DA3-7403-4FEE-8751-CA8D1965F954}.Debug|Any CPU.Build.0 = Debug|Any CPU
		{359E0DA3-7403-4FEE-8751-CA8D1965F954}.Release|Any CPU.ActiveCfg = Release|Any CPU
		{359E0DA3-7403-4FEE-8751-CA8D1965F954}.Release|Any CPU.Build.0 = Release|Any CPU
	EndGlobalSection
	GlobalSection(SolutionProperties) = preSolution
		HideSolutionNode = FALSE
	EndGlobalSection
	GlobalSection(ExtensibilityGlobals) = postSolution
		SolutionGuid = {119910BC-D44A-4B92-B0A9-F721F10AAB3B}
	EndGlobalSection
EndGlobal
